
Microsoft Visual Studio Solution File, Format Version 12.00
# Visual Studio Version 17
VisualStudioVersion = 17.6.33723.286
MinimumVisualStudioVersion = 10.0.40219.1
Project("{FAE04EC0-301F-11D3-BF4B-00C04F79EFBC}") = "4. liczby całkowite", "4. liczby całkowite\4. liczby całkowite.csproj", "{AAB513C8-BF0B-4484-8512-B1DAD8F9744A}"
EndProject
Global
	GlobalSection(SolutionConfigurationPlatforms) = preSolution
		Debug|Any CPU = Debug|Any CPU
		Release|Any CPU = Release|Any CPU
	EndGlobalSection
	GlobalSection(ProjectConfigurationPlatforms) = postSolution
		{AAB513C8-BF0B-4484-8512-B1DAD8F9744A}.Debug|Any CPU.ActiveCfg = Debug|Any CPU
		{AAB513C8-BF0B-4484-8512-B1DAD8F9744A}.Debug|Any CPU.Build.0 = Debug|Any CPU
		{AAB513C8-BF0B-4484-8512-B1DAD8F9744A}.Release|Any CPU.ActiveCfg = Release|Any CPU
		{AAB513C8-BF0B-4484-8512-B1DAD8F9744A}.Release|Any CPU.Build.0 = Release|Any CPU
	EndGlobalSection
	GlobalSection(SolutionProperties) = preSolution
		HideSolutionNode = FALSE
	EndGlobalSection
	GlobalSection(ExtensibilityGlobals) = postSolution
		SolutionGuid = {7B240F75-17A1-44BA-9069-7EF402E41460}
	EndGlobalSection
EndGlobal
